
Microsoft Visual Studio Solution File, Format Version 12.00
# Visual Studio Version 16
VisualStudioVersion = 16.0.30002.166
MinimumVisualStudioVersion = 10.0.40219.1
Project("{FAE04EC0-301F-11D3-BF4B-00C04F79EFBC}") = "FOS.Paymetric.POC.HFSchedulerService", "FOS.Paymetric.POC.HFSchedulerService\FOS.Paymetric.POC.HFSchedulerService.csproj", "{4C920A06-61C2-4C86-956B-5D256C17D2A2}"
EndProject
Project("{FAE04EC0-301F-11D3-BF4B-00C04F79EFBC}") = "FIS.Paymetric.POC.EventTypeA.Plugin", "FIS.Paymetric.POC.EventTypeA.Plugin\FIS.Paymetric.POC.EventTypeA.Plugin.csproj", "{2D8B6BF3-2E69-468B-A5A4-09D4D793BB5F}"
EndProject
Project("{FAE04EC0-301F-11D3-BF4B-00C04F79EFBC}") = "FOS.Paymetric.POC.HFSchedulerService.Shared", "FOS.Paymetric.POC.HFSchedulerService.Shared\FOS.Paymetric.POC.HFSchedulerService.Shared.csproj", "{826B1CCE-B681-406E-9FEC-F6D30AC83AB9}"
EndProject
Global
	GlobalSection(SolutionConfigurationPlatforms) = preSolution
		Debug|Any CPU = Debug|Any CPU
		Release|Any CPU = Release|Any CPU
	EndGlobalSection
	GlobalSection(ProjectConfigurationPlatforms) = postSolution
		{4C920A06-61C2-4C86-956B-5D256C17D2A2}.Debug|Any CPU.ActiveCfg = Debug|Any CPU
		{4C920A06-61C2-4C86-956B-5D256C17D2A2}.Debug|Any CPU.Build.0 = Debug|Any CPU
		{4C920A06-61C2-4C86-956B-5D256C17D2A2}.Release|Any CPU.ActiveCfg = Release|Any CPU
		{4C920A06-61C2-4C86-956B-5D256C17D2A2}.Release|Any CPU.Build.0 = Release|Any CPU
		{2D8B6BF3-2E69-468B-A5A4-09D4D793BB5F}.Debug|Any CPU.ActiveCfg = Debug|Any CPU
		{2D8B6BF3-2E69-468B-A5A4-09D4D793BB5F}.Debug|Any CPU.Build.0 = Debug|Any CPU
		{2D8B6BF3-2E69-468B-A5A4-09D4D793BB5F}.Release|Any CPU.ActiveCfg = Release|Any CPU
		{2D8B6BF3-2E69-468B-A5A4-09D4D793BB5F}.Release|Any CPU.Build.0 = Release|Any CPU
		{826B1CCE-B681-406E-9FEC-F6D30AC83AB9}.Debug|Any CPU.ActiveCfg = Debug|Any CPU
		{826B1CCE-B681-406E-9FEC-F6D30AC83AB9}.Debug|Any CPU.Build.0 = Debug|Any CPU
		{826B1CCE-B681-406E-9FEC-F6D30AC83AB9}.Release|Any CPU.ActiveCfg = Release|Any CPU
		{826B1CCE-B681-406E-9FEC-F6D30AC83AB9}.Release|Any CPU.Build.0 = Release|Any CPU
	EndGlobalSection
	GlobalSection(SolutionProperties) = preSolution
		HideSolutionNode = FALSE
	EndGlobalSection
	GlobalSection(ExtensibilityGlobals) = postSolution
		SolutionGuid = {129225DC-A232-4F9D-9F86-68B2949F8055}
	EndGlobalSection
EndGlobal
